
Microsoft Visual Studio Solution File, Format Version 12.00
# Visual Studio Version 17
VisualStudioVersion = 17.5.33530.505
MinimumVisualStudioVersion = 10.0.40219.1
Project("{9A19103F-16F7-4668-BE54-9A1E7A4F7556}") = "CustomExceptionHandling", "CustomExceptionHandling\CustomExceptionHandling.csproj", "{A97A2675-28A8-4E11-AC0D-3283793440CC}"
EndProject
Project("{FAE04EC0-301F-11D3-BF4B-00C04F79EFBC}") = "TotallySafeLib", "TotallySafeLib\TotallySafeLib.csproj", "{2501A4A2-E69B-4893-A0DA-B96D285095D0}"
EndProject
Global
	GlobalSection(SolutionConfigurationPlatforms) = preSolution
		Debug|Any CPU = Debug|Any CPU
		Release|Any CPU = Release|Any CPU
	EndGlobalSection
	GlobalSection(ProjectConfigurationPlatforms) = postSolution
		{A97A2675-28A8-4E11-AC0D-3283793440CC}.Debug|Any CPU.ActiveCfg = Debug|Any CPU
		{A97A2675-28A8-4E11-AC0D-3283793440CC}.Debug|Any CPU.Build.0 = Debug|Any CPU
		{A97A2675-28A8-4E11-AC0D-3283793440CC}.Release|Any CPU.ActiveCfg = Release|Any CPU
		{A97A2675-28A8-4E11-AC0D-3283793440CC}.Release|Any CPU.Build.0 = Release|Any CPU
		{2501A4A2-E69B-4893-A0DA-B96D285095D0}.Debug|Any CPU.ActiveCfg = Debug|Any CPU
		{2501A4A2-E69B-4893-A0DA-B96D285095D0}.Debug|Any CPU.Build.0 = Debug|Any CPU
		{2501A4A2-E69B-4893-A0DA-B96D285095D0}.Release|Any CPU.ActiveCfg = Release|Any CPU
		{2501A4A2-E69B-4893-A0DA-B96D285095D0}.Release|Any CPU.Build.0 = Release|Any CPU
	EndGlobalSection
	GlobalSection(SolutionProperties) = preSolution
		HideSolutionNode = FALSE
	EndGlobalSection
	GlobalSection(ExtensibilityGlobals) = postSolution
		SolutionGuid = {5ABD1FB7-B23E-46A6-9F4C-A77B8460C85B}
	EndGlobalSection
EndGlobal
